{
  "pins" : [
    {
      "identity" : "sfuserfriendlysymbols",
      "kind" : "remoteSourceControl",
      "location" : "https://github.com/littleossa/SFUserFriendlySymbols.git",
      "state" : {
        "revision" : "9d003e1c818de1dbe34a36b197ce11d9524a54d9",
        "version" : "0.4.0"
      }
    },
    {
      "identity" : "timestampcore",
      "kind" : "remoteSourceControl",
      "location" : "https://github.com/kirio-1234/TimeStampCore",
      "state" : {
        "revision" : "356b32aa19508da6aafeeb3cbb94ab0dc9f81936",
        "version" : "0.3.0"
      }
    }
  ],
  "version" : 2
}
